
Microsoft Visual Studio Solution File, Format Version 12.00
# Visual Studio Version 17
VisualStudioVersion = 17.2.32616.157
MinimumVisualStudioVersion = 10.0.40219.1
Project("{FAE04EC0-301F-11D3-BF4B-00C04F79EFBC}") = "service_manager", "service_manager\service_manager.csproj", "{DD0CD1C9-F3C0-473A-BA70-D09E4068669E}"
EndProject
Project("{FAE04EC0-301F-11D3-BF4B-00C04F79EFBC}") = "serviceMManager", "serviceMManager\serviceMManager.csproj", "{35ED6F09-F935-4D8B-A446-F84CCC8137DB}"
EndProject
Global
	GlobalSection(SolutionConfigurationPlatforms) = preSolution
		Debug|Any CPU = Debug|Any CPU
		Release|Any CPU = Release|Any CPU
	EndGlobalSection
	GlobalSection(ProjectConfigurationPlatforms) = postSolution
		{DD0CD1C9-F3C0-473A-BA70-D09E4068669E}.Debug|Any CPU.ActiveCfg = Debug|Any CPU
		{DD0CD1C9-F3C0-473A-BA70-D09E4068669E}.Debug|Any CPU.Build.0 = Debug|Any CPU
		{DD0CD1C9-F3C0-473A-BA70-D09E4068669E}.Release|Any CPU.ActiveCfg = Release|Any CPU
		{DD0CD1C9-F3C0-473A-BA70-D09E4068669E}.Release|Any CPU.Build.0 = Release|Any CPU
		{35ED6F09-F935-4D8B-A446-F84CCC8137DB}.Debug|Any CPU.ActiveCfg = Debug|Any CPU
		{35ED6F09-F935-4D8B-A446-F84CCC8137DB}.Debug|Any CPU.Build.0 = Debug|Any CPU
		{35ED6F09-F935-4D8B-A446-F84CCC8137DB}.Release|Any CPU.ActiveCfg = Release|Any CPU
		{35ED6F09-F935-4D8B-A446-F84CCC8137DB}.Release|Any CPU.Build.0 = Release|Any CPU
	EndGlobalSection
	GlobalSection(SolutionProperties) = preSolution
		HideSolutionNode = FALSE
	EndGlobalSection
	GlobalSection(ExtensibilityGlobals) = postSolution
		SolutionGuid = {858659B2-4D30-4CF5-96D3-0EAA7821EE62}
	EndGlobalSection
EndGlobal
